
Microsoft Visual Studio Solution File, Format Version 12.00
# Visual Studio Express 15 for Windows Desktop
VisualStudioVersion = 15.0.27130.2024
MinimumVisualStudioVersion = 10.0.40219.1
Project("{FAE04EC0-301F-11D3-BF4B-00C04F79EFBC}") = "kopia", "kopia\kopia.csproj", "{7B4112AE-B6DA-474D-B01F-A9B618E98196}"
EndProject
Global
	GlobalSection(SolutionConfigurationPlatforms) = preSolution
		Debug|Any CPU = Debug|Any CPU
		Release|Any CPU = Release|Any CPU
	EndGlobalSection
	GlobalSection(ProjectConfigurationPlatforms) = postSolution
		{7B4112AE-B6DA-474D-B01F-A9B618E98196}.Debug|Any CPU.ActiveCfg = Debug|Any CPU
		{7B4112AE-B6DA-474D-B01F-A9B618E98196}.Debug|Any CPU.Build.0 = Debug|Any CPU
		{7B4112AE-B6DA-474D-B01F-A9B618E98196}.Release|Any CPU.ActiveCfg = Release|Any CPU
		{7B4112AE-B6DA-474D-B01F-A9B618E98196}.Release|Any CPU.Build.0 = Release|Any CPU
	EndGlobalSection
	GlobalSection(SolutionProperties) = preSolution
		HideSolutionNode = FALSE
	EndGlobalSection
	GlobalSection(ExtensibilityGlobals) = postSolution
		SolutionGuid = {DC130F94-9B7D-43A6-BB25-1DDBCEB93DFD}
	EndGlobalSection
EndGlobal
